
Microsoft Visual Studio Solution File, Format Version 12.00
# Visual Studio Version 17
VisualStudioVersion = 17.14.37027.9
MinimumVisualStudioVersion = 10.0.40219.1
Project("{FAE04EC0-301F-11D3-BF4B-00C04F79EFBC}") = "Lab4", "Lab4\Lab4.csproj", "{A2F4B93F-76F6-4F7F-9E65-CBADDD000192}"
EndProject
Project("{FAE04EC0-301F-11D3-BF4B-00C04F79EFBC}") = "Zadanie3", "Zadanie3\Zadanie3.csproj", "{B9724865-7C7A-4782-8CC9-DBB257FA4857}"
EndProject
Global
	GlobalSection(SolutionConfigurationPlatforms) = preSolution
		Debug|Any CPU = Debug|Any CPU
		Release|Any CPU = Release|Any CPU
	EndGlobalSection
	GlobalSection(ProjectConfigurationPlatforms) = postSolution
		{A2F4B93F-76F6-4F7F-9E65-CBADDD000192}.Debug|Any CPU.ActiveCfg = Debug|Any CPU
		{A2F4B93F-76F6-4F7F-9E65-CBADDD000192}.Debug|Any CPU.Build.0 = Debug|Any CPU
		{A2F4B93F-76F6-4F7F-9E65-CBADDD000192}.Release|Any CPU.ActiveCfg = Release|Any CPU
		{A2F4B93F-76F6-4F7F-9E65-CBADDD000192}.Release|Any CPU.Build.0 = Release|Any CPU
		{B9724865-7C7A-4782-8CC9-DBB257FA4857}.Debug|Any CPU.ActiveCfg = Debug|Any CPU
		{B9724865-7C7A-4782-8CC9-DBB257FA4857}.Debug|Any CPU.Build.0 = Debug|Any CPU
		{B9724865-7C7A-4782-8CC9-DBB257FA4857}.Release|Any CPU.ActiveCfg = Release|Any CPU
		{B9724865-7C7A-4782-8CC9-DBB257FA4857}.Release|Any CPU.Build.0 = Release|Any CPU
	EndGlobalSection
	GlobalSection(SolutionProperties) = preSolution
		HideSolutionNode = FALSE
	EndGlobalSection
	GlobalSection(ExtensibilityGlobals) = postSolution
		SolutionGuid = {61B8625F-5E46-4657-A1A1-1A2B4CB3B7D3}
	EndGlobalSection
EndGlobal
